
Microsoft Visual Studio Solution File, Format Version 12.00
# Visual Studio Version 17
VisualStudioVersion = 17.5.002.0
MinimumVisualStudioVersion = 10.0.40219.1
Project("{9A19103F-16F7-4668-BE54-9A1E7A4F7556}") = "geo", "geo.csproj", "{B113AB5A-466A-4775-B527-7F7CEDDE38A9}"
EndProject
Global
	GlobalSection(SolutionConfigurationPlatforms) = preSolution
		Debug|Any CPU = Debug|Any CPU
		Release|Any CPU = Release|Any CPU
	EndGlobalSection
	GlobalSection(ProjectConfigurationPlatforms) = postSolution
		{B113AB5A-466A-4775-B527-7F7CEDDE38A9}.Debug|Any CPU.ActiveCfg = Debug|Any CPU
		{B113AB5A-466A-4775-B527-7F7CEDDE38A9}.Debug|Any CPU.Build.0 = Debug|Any CPU
		{B113AB5A-466A-4775-B527-7F7CEDDE38A9}.Release|Any CPU.ActiveCfg = Release|Any CPU
		{B113AB5A-466A-4775-B527-7F7CEDDE38A9}.Release|Any CPU.Build.0 = Release|Any CPU
	EndGlobalSection
	GlobalSection(SolutionProperties) = preSolution
		HideSolutionNode = FALSE
	EndGlobalSection
	GlobalSection(ExtensibilityGlobals) = postSolution
		SolutionGuid = {BCF5CB52-D274-4926-885C-BFDDB3C4D43E}
	EndGlobalSection
EndGlobal
