
Microsoft Visual Studio Solution File, Format Version 12.00
# Visual Studio Version 17
VisualStudioVersion = 17.0.31903.59
MinimumVisualStudioVersion = 10.0.40219.1
Project("{FAE04EC0-301F-11D3-BF4B-00C04F79EFBC}") = "GeometryService", "GeometryService\GeometryService.csproj", "{F565CDA8-EDA0-414B-B8B5-D25CC1400C33}"
EndProject
Project("{FAE04EC0-301F-11D3-BF4B-00C04F79EFBC}") = "GeometryService.Tests", "GeometryService.Tests\GeometryService.Tests.csproj", "{997676A8-7871-4312-9BC4-4ED57DD94B8D}"
EndProject
Global
	GlobalSection(SolutionConfigurationPlatforms) = preSolution
		Debug|Any CPU = Debug|Any CPU
		Release|Any CPU = Release|Any CPU
	EndGlobalSection
	GlobalSection(SolutionProperties) = preSolution
		HideSolutionNode = FALSE
	EndGlobalSection
	GlobalSection(ProjectConfigurationPlatforms) = postSolution
		{F565CDA8-EDA0-414B-B8B5-D25CC1400C33}.Debug|Any CPU.ActiveCfg = Debug|Any CPU
		{F565CDA8-EDA0-414B-B8B5-D25CC1400C33}.Debug|Any CPU.Build.0 = Debug|Any CPU
		{F565CDA8-EDA0-414B-B8B5-D25CC1400C33}.Release|Any CPU.ActiveCfg = Release|Any CPU
		{F565CDA8-EDA0-414B-B8B5-D25CC1400C33}.Release|Any CPU.Build.0 = Release|Any CPU
		{997676A8-7871-4312-9BC4-4ED57DD94B8D}.Debug|Any CPU.ActiveCfg = Debug|Any CPU
		{997676A8-7871-4312-9BC4-4ED57DD94B8D}.Debug|Any CPU.Build.0 = Debug|Any CPU
		{997676A8-7871-4312-9BC4-4ED57DD94B8D}.Release|Any CPU.ActiveCfg = Release|Any CPU
		{997676A8-7871-4312-9BC4-4ED57DD94B8D}.Release|Any CPU.Build.0 = Release|Any CPU
	EndGlobalSection
EndGlobal
