
Microsoft Visual Studio Solution File, Format Version 12.00
# Visual Studio Version 17
VisualStudioVersion = 17.5.002.0
MinimumVisualStudioVersion = 10.0.40219.1
Project("{9A19103F-16F7-4668-BE54-9A1E7A4F7556}") = "Benchmarker", "Benchmarker.csproj", "{AED44B48-79DD-42EB-B385-7A54549AAE5A}"
EndProject
Project("{2150E333-8FDC-42A3-9474-1A3956D46DE8}") = "bin", "bin", "{ECFC5BC6-E7FA-406F-9CDE-206C26DDF300}"
EndProject
Project("{2150E333-8FDC-42A3-9474-1A3956D46DE8}") = "Release", "Release", "{282C40F9-2C59-4CE8-8E16-0BD79532DF03}"
EndProject
Project("{2150E333-8FDC-42A3-9474-1A3956D46DE8}") = "net8.0", "net8.0", "{4E972618-A459-4AEF-AD1D-E0CA1B209199}"
EndProject
Project("{9A19103F-16F7-4668-BE54-9A1E7A4F7556}") = "BenchmarkDotNet.Autogenerated", "bin\Release\net8.0\e872248c-9cda-4982-be36-3a51cef037d7\BenchmarkDotNet.Autogenerated.csproj", "{D5A0D32D-79FF-4357-BACD-4CCD8950E49A}"
EndProject
Global
	GlobalSection(SolutionConfigurationPlatforms) = preSolution
		Debug|Any CPU = Debug|Any CPU
		Release|Any CPU = Release|Any CPU
	EndGlobalSection
	GlobalSection(ProjectConfigurationPlatforms) = postSolution
		{AED44B48-79DD-42EB-B385-7A54549AAE5A}.Debug|Any CPU.ActiveCfg = Debug|Any CPU
		{AED44B48-79DD-42EB-B385-7A54549AAE5A}.Debug|Any CPU.Build.0 = Debug|Any CPU
		{AED44B48-79DD-42EB-B385-7A54549AAE5A}.Release|Any CPU.ActiveCfg = Release|Any CPU
		{AED44B48-79DD-42EB-B385-7A54549AAE5A}.Release|Any CPU.Build.0 = Release|Any CPU
		{D5A0D32D-79FF-4357-BACD-4CCD8950E49A}.Debug|Any CPU.ActiveCfg = Debug|Any CPU
		{D5A0D32D-79FF-4357-BACD-4CCD8950E49A}.Debug|Any CPU.Build.0 = Debug|Any CPU
		{D5A0D32D-79FF-4357-BACD-4CCD8950E49A}.Release|Any CPU.ActiveCfg = Release|Any CPU
		{D5A0D32D-79FF-4357-BACD-4CCD8950E49A}.Release|Any CPU.Build.0 = Release|Any CPU
	EndGlobalSection
	GlobalSection(SolutionProperties) = preSolution
		HideSolutionNode = FALSE
	EndGlobalSection
	GlobalSection(NestedProjects) = preSolution
		{282C40F9-2C59-4CE8-8E16-0BD79532DF03} = {ECFC5BC6-E7FA-406F-9CDE-206C26DDF300}
		{4E972618-A459-4AEF-AD1D-E0CA1B209199} = {282C40F9-2C59-4CE8-8E16-0BD79532DF03}
		{D5A0D32D-79FF-4357-BACD-4CCD8950E49A} = {4E972618-A459-4AEF-AD1D-E0CA1B209199}
	EndGlobalSection
	GlobalSection(ExtensibilityGlobals) = postSolution
		SolutionGuid = {5DDA5B9E-5457-4E97-B571-E9DD229BACB7}
	EndGlobalSection
EndGlobal
